
Microsoft Visual Studio Solution File, Format Version 12.00
# Visual Studio 15
VisualStudioVersion = 15.0.28307.329
MinimumVisualStudioVersion = 10.0.40219.1
Project("{FAE04EC0-301F-11D3-BF4B-00C04F79EFBC}") = "Task1", "Task1\Task1.csproj", "{826F0B75-F18F-438F-88E6-457D77D6BD81}"
EndProject
Project("{FAE04EC0-301F-11D3-BF4B-00C04F79EFBC}") = "ArrayGenerator", "ArrayGenerator\ArrayGenerator.csproj", "{16B4232E-855A-44FE-A682-ACCE8911693E}"
EndProject
Project("{FAE04EC0-301F-11D3-BF4B-00C04F79EFBC}") = "Task2", "Task2\Task2.csproj", "{B20C236D-4ED5-47B1-8311-37EBAE82ED67}"
EndProject
Global
	GlobalSection(SolutionConfigurationPlatforms) = preSolution
		Debug|Any CPU = Debug|Any CPU
		Release|Any CPU = Release|Any CPU
	EndGlobalSection
	GlobalSection(ProjectConfigurationPlatforms) = postSolution
		{826F0B75-F18F-438F-88E6-457D77D6BD81}.Debug|Any CPU.ActiveCfg = Debug|Any CPU
		{826F0B75-F18F-438F-88E6-457D77D6BD81}.Debug|Any CPU.Build.0 = Debug|Any CPU
		{826F0B75-F18F-438F-88E6-457D77D6BD81}.Release|Any CPU.ActiveCfg = Release|Any CPU
		{826F0B75-F18F-438F-88E6-457D77D6BD81}.Release|Any CPU.Build.0 = Release|Any CPU
		{16B4232E-855A-44FE-A682-ACCE8911693E}.Debug|Any CPU.ActiveCfg = Debug|Any CPU
		{16B4232E-855A-44FE-A682-ACCE8911693E}.Debug|Any CPU.Build.0 = Debug|Any CPU
		{16B4232E-855A-44FE-A682-ACCE8911693E}.Release|Any CPU.ActiveCfg = Release|Any CPU
		{16B4232E-855A-44FE-A682-ACCE8911693E}.Release|Any CPU.Build.0 = Release|Any CPU
		{B20C236D-4ED5-47B1-8311-37EBAE82ED67}.Debug|Any CPU.ActiveCfg = Debug|Any CPU
		{B20C236D-4ED5-47B1-8311-37EBAE82ED67}.Debug|Any CPU.Build.0 = Debug|Any CPU
		{B20C236D-4ED5-47B1-8311-37EBAE82ED67}.Release|Any CPU.ActiveCfg = Release|Any CPU
		{B20C236D-4ED5-47B1-8311-37EBAE82ED67}.Release|Any CPU.Build.0 = Release|Any CPU
	EndGlobalSection
	GlobalSection(SolutionProperties) = preSolution
		HideSolutionNode = FALSE
	EndGlobalSection
	GlobalSection(ExtensibilityGlobals) = postSolution
		SolutionGuid = {D541CF0B-FC9F-4648-A61E-DECFC3DF4EF0}
	EndGlobalSection
EndGlobal
